
Microsoft Visual Studio Solution File, Format Version 12.00
# Visual Studio Version 17
VisualStudioVersion = 17.8.34330.188
MinimumVisualStudioVersion = 10.0.40219.1
Project("{FAE04EC0-301F-11D3-BF4B-00C04F79EFBC}") = "SnakeGame", "SnakeGame\SnakeGame.csproj", "{64997FDA-6DF1-463A-A8F1-61E49DDD8D13}"
EndProject
Global
	GlobalSection(SolutionConfigurationPlatforms) = preSolution
		Debug|Any CPU = Debug|Any CPU
		Release|Any CPU = Release|Any CPU
	EndGlobalSection
	GlobalSection(ProjectConfigurationPlatforms) = postSolution
		{64997FDA-6DF1-463A-A8F1-61E49DDD8D13}.Debug|Any CPU.ActiveCfg = Debug|Any CPU
		{64997FDA-6DF1-463A-A8F1-61E49DDD8D13}.Debug|Any CPU.Build.0 = Debug|Any CPU
		{64997FDA-6DF1-463A-A8F1-61E49DDD8D13}.Release|Any CPU.ActiveCfg = Release|Any CPU
		{64997FDA-6DF1-463A-A8F1-61E49DDD8D13}.Release|Any CPU.Build.0 = Release|Any CPU
	EndGlobalSection
	GlobalSection(SolutionProperties) = preSolution
		HideSolutionNode = FALSE
	EndGlobalSection
	GlobalSection(ExtensibilityGlobals) = postSolution
		SolutionGuid = {C3179CF2-C22A-4A07-9E68-F92373B26280}
	EndGlobalSection
EndGlobal
